dependencies:
- name: argo-cd
  repository: https://argoproj.github.io/argo-helm
  version: 5.6.0
- name: prometheus
  repository: https://prometheus-community.github.io/helm-charts
  version: 15.13.0
- name: grafana
  repository: https://grafana.github.io/helm-charts
  version: 6.40.0
- name: elasticsearch
  repository: https://helm.elastic.co
  version: 7.17.3
- name: kibana
  repository: https://helm.elastic.co
  version: 7.17.3
- name: haproxy
  repository: https://haproxytech.github.io/helm-charts
  version: 1.17.3
- name: postgresql
  repository: https://charts.bitnami.com/bitnami
  version: 12.1.3
- name: zookeeper
  repository: https://charts.bitnami.com/bitnami
  version: 11.0.0
- name: pgadmin4
  repository: https://helm.runix.net
  version: 1.13.8
- name: opensearch
  repository: https://opensearch-project.github.io/helm-charts
  version: 2.16.1
- name: opensearch-dashboards
  repository: https://opensearch-project.github.io/helm-charts
  version: 2.14.0
- name: fluent-bit
  repository: https://fluent.github.io/helm-charts
  version: 0.39.0
digest: sha256:9dc36a7653eef85293dbe6cf281495b9511d9dd54d59b133769f8813eef9701d
generated: "2023-12-06T13:36:19.542784-06:00"
